
Microsoft Visual Studio Solution File, Format Version 12.00
# Visual Studio 15
Project("{FAE04EC0-301F-11D3-BF4B-00C04F79EFBC}") = "Assembly-CSharp", "Assembly-CSharp.csproj", "{CBBF4CD8-9842-4C05-7AFD-E68CC426413C}"
EndProject
Project("{FAE04EC0-301F-11D3-BF4B-00C04F79EFBC}") = "Assembly-CSharp-Editor", "Assembly-CSharp-Editor.csproj", "{7D020F67-D5DE-44D4-A7C0-8ADB93D5A324}"
EndProject
Global
	GlobalSection(SolutionConfigurationPlatforms) = preSolution
		Debug|Any CPU = Debug|Any CPU
		Release|Any CPU = Release|Any CPU
	EndGlobalSection
	GlobalSection(ProjectConfigurationPlatforms) = postSolution
		{CBBF4CD8-9842-4C05-7AFD-E68CC426413C}.Debug|Any CPU.ActiveCfg = Debug|Any CPU
		{CBBF4CD8-9842-4C05-7AFD-E68CC426413C}.Debug|Any CPU.Build.0 = Debug|Any CPU
		{CBBF4CD8-9842-4C05-7AFD-E68CC426413C}.Release|Any CPU.ActiveCfg = Release|Any CPU
		{CBBF4CD8-9842-4C05-7AFD-E68CC426413C}.Release|Any CPU.Build.0 = Release|Any CPU
		{7D020F67-D5DE-44D4-A7C0-8ADB93D5A324}.Debug|Any CPU.ActiveCfg = Debug|Any CPU
		{7D020F67-D5DE-44D4-A7C0-8ADB93D5A324}.Debug|Any CPU.Build.0 = Debug|Any CPU
		{7D020F67-D5DE-44D4-A7C0-8ADB93D5A324}.Release|Any CPU.ActiveCfg = Release|Any CPU
		{7D020F67-D5DE-44D4-A7C0-8ADB93D5A324}.Release|Any CPU.Build.0 = Release|Any CPU
	EndGlobalSection
	GlobalSection(SolutionProperties) = preSolution
		HideSolutionNode = FALSE
	EndGlobalSection
EndGlobal
